
Microsoft Visual Studio Solution File, Format Version 12.00
# Visual Studio Version 17
VisualStudioVersion = 17.9.34723.18
MinimumVisualStudioVersion = 10.0.40219.1
Project("{FAE04EC0-301F-11D3-BF4B-00C04F79EFBC}") = "Api", "Api\Api.csproj", "{AD7425C0-04A7-430C-901C-4113E2699269}"
EndProject
Project("{FAE04EC0-301F-11D3-BF4B-00C04F79EFBC}") = "Data", "Data\Data.csproj", "{9CAB65D2-5E0E-4DC4-95E1-BF6D5F4128AD}"
EndProject
Project("{FAE04EC0-301F-11D3-BF4B-00C04F79EFBC}") = "Domain", "Domain\Domain.csproj", "{5261B66A-05D5-4101-9086-8A4DF2DB7782}"
EndProject
Project("{FAE04EC0-301F-11D3-BF4B-00C04F79EFBC}") = "Shared", "Shared\Shared.csproj", "{AFEC3BEB-1C5E-4377-8C74-150B67AF71AE}"
EndProject
Project("{FAE04EC0-301F-11D3-BF4B-00C04F79EFBC}") = "Services", "Services\Services.csproj", "{7930FE1B-E684-4BEE-8A12-579A090CAA74}"
EndProject
Global
	GlobalSection(SolutionConfigurationPlatforms) = preSolution
		Debug|Any CPU = Debug|Any CPU
		Release|Any CPU = Release|Any CPU
	EndGlobalSection
	GlobalSection(ProjectConfigurationPlatforms) = postSolution
		{AD7425C0-04A7-430C-901C-4113E2699269}.Debug|Any CPU.ActiveCfg = Debug|Any CPU
		{AD7425C0-04A7-430C-901C-4113E2699269}.Debug|Any CPU.Build.0 = Debug|Any CPU
		{AD7425C0-04A7-430C-901C-4113E2699269}.Release|Any CPU.ActiveCfg = Release|Any CPU
		{AD7425C0-04A7-430C-901C-4113E2699269}.Release|Any CPU.Build.0 = Release|Any CPU
		{9CAB65D2-5E0E-4DC4-95E1-BF6D5F4128AD}.Debug|Any CPU.ActiveCfg = Debug|Any CPU
		{9CAB65D2-5E0E-4DC4-95E1-BF6D5F4128AD}.Debug|Any CPU.Build.0 = Debug|Any CPU
		{9CAB65D2-5E0E-4DC4-95E1-BF6D5F4128AD}.Release|Any CPU.ActiveCfg = Release|Any CPU
		{9CAB65D2-5E0E-4DC4-95E1-BF6D5F4128AD}.Release|Any CPU.Build.0 = Release|Any CPU
		{5261B66A-05D5-4101-9086-8A4DF2DB7782}.Debug|Any CPU.ActiveCfg = Debug|Any CPU
		{5261B66A-05D5-4101-9086-8A4DF2DB7782}.Debug|Any CPU.Build.0 = Debug|Any CPU
		{5261B66A-05D5-4101-9086-8A4DF2DB7782}.Release|Any CPU.ActiveCfg = Release|Any CPU
		{5261B66A-05D5-4101-9086-8A4DF2DB7782}.Release|Any CPU.Build.0 = Release|Any CPU
		{AFEC3BEB-1C5E-4377-8C74-150B67AF71AE}.Debug|Any CPU.ActiveCfg = Debug|Any CPU
		{AFEC3BEB-1C5E-4377-8C74-150B67AF71AE}.Debug|Any CPU.Build.0 = Debug|Any CPU
		{AFEC3BEB-1C5E-4377-8C74-150B67AF71AE}.Release|Any CPU.ActiveCfg = Release|Any CPU
		{AFEC3BEB-1C5E-4377-8C74-150B67AF71AE}.Release|Any CPU.Build.0 = Release|Any CPU
		{7930FE1B-E684-4BEE-8A12-579A090CAA74}.Debug|Any CPU.ActiveCfg = Debug|Any CPU
		{7930FE1B-E684-4BEE-8A12-579A090CAA74}.Debug|Any CPU.Build.0 = Debug|Any CPU
		{7930FE1B-E684-4BEE-8A12-579A090CAA74}.Release|Any CPU.ActiveCfg = Release|Any CPU
		{7930FE1B-E684-4BEE-8A12-579A090CAA74}.Release|Any CPU.Build.0 = Release|Any CPU
	EndGlobalSection
	GlobalSection(SolutionProperties) = preSolution
		HideSolutionNode = FALSE
	EndGlobalSection
	GlobalSection(ExtensibilityGlobals) = postSolution
		SolutionGuid = {C3E651A4-90D2-4F2B-905B-5E9EE71BDA44}
	EndGlobalSection
EndGlobal
