
Microsoft Visual Studio Solution File, Format Version 12.00
# Visual Studio Version 17
VisualStudioVersion = 17.9.34723.18
MinimumVisualStudioVersion = 10.0.40219.1
Project("{9A19103F-16F7-4668-BE54-9A1E7A4F7556}") = "Api", "Api\Api.csproj", "{AD7425C0-04A7-430C-901C-4113E2699269}"
EndProject
Project("{9A19103F-16F7-4668-BE54-9A1E7A4F7556}") = "Data", "Data\Data.csproj", "{9CAB65D2-5E0E-4DC4-95E1-BF6D5F4128AD}"
EndProject
Project("{9A19103F-16F7-4668-BE54-9A1E7A4F7556}") = "Domain", "Domain\Domain.csproj", "{5261B66A-05D5-4101-9086-8A4DF2DB7782}"
EndProject
Project("{9A19103F-16F7-4668-BE54-9A1E7A4F7556}") = "Shared", "Shared\Shared.csproj", "{AFEC3BEB-1C5E-4377-8C74-150B67AF71AE}"
EndProject
Project("{9A19103F-16F7-4668-BE54-9A1E7A4F7556}") = "Services", "Services\Services.csproj", "{7930FE1B-E684-4BEE-8A12-579A090CAA74}"
EndProject
Project("{2150E333-8FDC-42A3-9474-1A3956D46DE8}") = "Tests", "Tests", "{6A954C06-4C74-4F34-BE68-917545761722}"
EndProject
Project("{9A19103F-16F7-4668-BE54-9A1E7A4F7556}") = "IntegrationTests", "Tests\IntegrationTests\IntegrationTests.csproj", "{D2B4C53F-1063-4766-9EE5-DE261EEAD5E8}"
EndProject
Project("{FAE04EC0-301F-11D3-BF4B-00C04F79EFBC}") = "SystemTestsCore", "Tests\SystemTestsCore\SystemTestsCore.csproj", "{2919D3BD-D247-473E-AC26-704B51AD2EDD}"
EndProject
Project("{FAE04EC0-301F-11D3-BF4B-00C04F79EFBC}") = "DatabaseTests", "Tests\DatabaseTests\DatabaseTests.csproj", "{A2F7821E-FCB5-457A-94E7-58DFEC276D1A}"
EndProject
Project("{2150E333-8FDC-42A3-9474-1A3956D46DE8}") = "Documentation", "Documentation", "{B8E81ED0-45BA-45AC-9981-8B703E6932E9}"
	ProjectSection(SolutionItems) = preProject
		Emails.md = Emails.md
	EndProjectSection
EndProject
Global
	GlobalSection(SolutionConfigurationPlatforms) = preSolution
		Debug|Any CPU = Debug|Any CPU
		Release|Any CPU = Release|Any CPU
	EndGlobalSection
	GlobalSection(ProjectConfigurationPlatforms) = postSolution
		{AD7425C0-04A7-430C-901C-4113E2699269}.Debug|Any CPU.ActiveCfg = Debug|Any CPU
		{AD7425C0-04A7-430C-901C-4113E2699269}.Debug|Any CPU.Build.0 = Debug|Any CPU
		{AD7425C0-04A7-430C-901C-4113E2699269}.Release|Any CPU.ActiveCfg = Release|Any CPU
		{AD7425C0-04A7-430C-901C-4113E2699269}.Release|Any CPU.Build.0 = Release|Any CPU
		{9CAB65D2-5E0E-4DC4-95E1-BF6D5F4128AD}.Debug|Any CPU.ActiveCfg = Debug|Any CPU
		{9CAB65D2-5E0E-4DC4-95E1-BF6D5F4128AD}.Debug|Any CPU.Build.0 = Debug|Any CPU
		{9CAB65D2-5E0E-4DC4-95E1-BF6D5F4128AD}.Release|Any CPU.ActiveCfg = Release|Any CPU
		{9CAB65D2-5E0E-4DC4-95E1-BF6D5F4128AD}.Release|Any CPU.Build.0 = Release|Any CPU
		{5261B66A-05D5-4101-9086-8A4DF2DB7782}.Debug|Any CPU.ActiveCfg = Debug|Any CPU
		{5261B66A-05D5-4101-9086-8A4DF2DB7782}.Debug|Any CPU.Build.0 = Debug|Any CPU
		{5261B66A-05D5-4101-9086-8A4DF2DB7782}.Release|Any CPU.ActiveCfg = Release|Any CPU
		{5261B66A-05D5-4101-9086-8A4DF2DB7782}.Release|Any CPU.Build.0 = Release|Any CPU
		{AFEC3BEB-1C5E-4377-8C74-150B67AF71AE}.Debug|Any CPU.ActiveCfg = Debug|Any CPU
		{AFEC3BEB-1C5E-4377-8C74-150B67AF71AE}.Debug|Any CPU.Build.0 = Debug|Any CPU
		{AFEC3BEB-1C5E-4377-8C74-150B67AF71AE}.Release|Any CPU.ActiveCfg = Release|Any CPU
		{AFEC3BEB-1C5E-4377-8C74-150B67AF71AE}.Release|Any CPU.Build.0 = Release|Any CPU
		{7930FE1B-E684-4BEE-8A12-579A090CAA74}.Debug|Any CPU.ActiveCfg = Debug|Any CPU
		{7930FE1B-E684-4BEE-8A12-579A090CAA74}.Debug|Any CPU.Build.0 = Debug|Any CPU
		{7930FE1B-E684-4BEE-8A12-579A090CAA74}.Release|Any CPU.ActiveCfg = Release|Any CPU
		{7930FE1B-E684-4BEE-8A12-579A090CAA74}.Release|Any CPU.Build.0 = Release|Any CPU
		{D2B4C53F-1063-4766-9EE5-DE261EEAD5E8}.Debug|Any CPU.ActiveCfg = Debug|Any CPU
		{D2B4C53F-1063-4766-9EE5-DE261EEAD5E8}.Debug|Any CPU.Build.0 = Debug|Any CPU
		{D2B4C53F-1063-4766-9EE5-DE261EEAD5E8}.Release|Any CPU.ActiveCfg = Release|Any CPU
		{D2B4C53F-1063-4766-9EE5-DE261EEAD5E8}.Release|Any CPU.Build.0 = Release|Any CPU
		{2919D3BD-D247-473E-AC26-704B51AD2EDD}.Debug|Any CPU.ActiveCfg = Debug|Any CPU
		{2919D3BD-D247-473E-AC26-704B51AD2EDD}.Debug|Any CPU.Build.0 = Debug|Any CPU
		{2919D3BD-D247-473E-AC26-704B51AD2EDD}.Release|Any CPU.ActiveCfg = Release|Any CPU
		{2919D3BD-D247-473E-AC26-704B51AD2EDD}.Release|Any CPU.Build.0 = Release|Any CPU
		{A2F7821E-FCB5-457A-94E7-58DFEC276D1A}.Debug|Any CPU.ActiveCfg = Debug|Any CPU
		{A2F7821E-FCB5-457A-94E7-58DFEC276D1A}.Debug|Any CPU.Build.0 = Debug|Any CPU
		{A2F7821E-FCB5-457A-94E7-58DFEC276D1A}.Release|Any CPU.ActiveCfg = Release|Any CPU
		{A2F7821E-FCB5-457A-94E7-58DFEC276D1A}.Release|Any CPU.Build.0 = Release|Any CPU
	EndGlobalSection
	GlobalSection(SolutionProperties) = preSolution
		HideSolutionNode = FALSE
	EndGlobalSection
	GlobalSection(NestedProjects) = preSolution
		{D2B4C53F-1063-4766-9EE5-DE261EEAD5E8} = {6A954C06-4C74-4F34-BE68-917545761722}
		{2919D3BD-D247-473E-AC26-704B51AD2EDD} = {6A954C06-4C74-4F34-BE68-917545761722}
		{A2F7821E-FCB5-457A-94E7-58DFEC276D1A} = {6A954C06-4C74-4F34-BE68-917545761722}
	EndGlobalSection
	GlobalSection(ExtensibilityGlobals) = postSolution
		SolutionGuid = {C3E651A4-90D2-4F2B-905B-5E9EE71BDA44}
	EndGlobalSection
EndGlobal
